
Microsoft Visual Studio Solution File, Format Version 12.00
# Visual Studio Version 17
VisualStudioVersion = 17.2.32630.192
MinimumVisualStudioVersion = 10.0.40219.1
Project("{9A19103F-16F7-4668-BE54-9A1E7A4F7556}") = "Simu", "Simu\Simu.csproj", "{F91C64F3-3DC2-4A9A-83CD-D7B93D56752D}"
EndProject
Project("{9A19103F-16F7-4668-BE54-9A1E7A4F7556}") = "Simu.APIClient", "Simu.DataAccess\Simu.APIClient.csproj", "{1045F448-02BC-4EC8-B4CD-8FFE1AEB2C40}"
EndProject
Global
	GlobalSection(SolutionConfigurationPlatforms) = preSolution
		Debug|Any CPU = Debug|Any CPU
		Release|Any CPU = Release|Any CPU
	EndGlobalSection
	GlobalSection(ProjectConfigurationPlatforms) = postSolution
		{F91C64F3-3DC2-4A9A-83CD-D7B93D56752D}.Debug|Any CPU.ActiveCfg = Debug|Any CPU
		{F91C64F3-3DC2-4A9A-83CD-D7B93D56752D}.Debug|Any CPU.Build.0 = Debug|Any CPU
		{F91C64F3-3DC2-4A9A-83CD-D7B93D56752D}.Release|Any CPU.ActiveCfg = Release|Any CPU
		{F91C64F3-3DC2-4A9A-83CD-D7B93D56752D}.Release|Any CPU.Build.0 = Release|Any CPU
		{1045F448-02BC-4EC8-B4CD-8FFE1AEB2C40}.Debug|Any CPU.ActiveCfg = Debug|Any CPU
		{1045F448-02BC-4EC8-B4CD-8FFE1AEB2C40}.Debug|Any CPU.Build.0 = Debug|Any CPU
		{1045F448-02BC-4EC8-B4CD-8FFE1AEB2C40}.Release|Any CPU.ActiveCfg = Release|Any CPU
		{1045F448-02BC-4EC8-B4CD-8FFE1AEB2C40}.Release|Any CPU.Build.0 = Release|Any CPU
	EndGlobalSection
	GlobalSection(SolutionProperties) = preSolution
		HideSolutionNode = FALSE
	EndGlobalSection
	GlobalSection(ExtensibilityGlobals) = postSolution
		SolutionGuid = {D81A7BBE-93DF-408F-A3A5-440243CF87CD}
	EndGlobalSection
EndGlobal
